
Microsoft Visual Studio Solution File, Format Version 12.00
# Visual Studio 14
VisualStudioVersion = 14.0.25420.1
MinimumVisualStudioVersion = 10.0.40219.1
Project("{FAE04EC0-301F-11D3-BF4B-00C04F79EFBC}") = "8寸灯具参数指令解析", "8寸灯具参数指令解析\8寸灯具参数指令解析.csproj", "{2FD0AED2-70B5-4A16-B6DB-BEB3859C9DBB}"
EndProject
Global
	GlobalSection(SolutionConfigurationPlatforms) = preSolution
		Debug|Any CPU = Debug|Any CPU
		Release|Any CPU = Release|Any CPU
	EndGlobalSection
	GlobalSection(ProjectConfigurationPlatforms) = postSolution
		{2FD0AED2-70B5-4A16-B6DB-BEB3859C9DBB}.Debug|Any CPU.ActiveCfg = Debug|Any CPU
		{2FD0AED2-70B5-4A16-B6DB-BEB3859C9DBB}.Debug|Any CPU.Build.0 = Debug|Any CPU
		{2FD0AED2-70B5-4A16-B6DB-BEB3859C9DBB}.Release|Any CPU.ActiveCfg = Release|Any CPU
		{2FD0AED2-70B5-4A16-B6DB-BEB3859C9DBB}.Release|Any CPU.Build.0 = Release|Any CPU
	EndGlobalSection
	GlobalSection(SolutionProperties) = preSolution
		HideSolutionNode = FALSE
	EndGlobalSection
EndGlobal
